schema: '2.0'
stages:
  features:
    cmd: python src/features/run_feature_check.py
    deps:
    - path: params.yaml
      hash: md5
      md5: 72bed4251c3726b86d0552bbe391f354
      size: 984
    - path: src/features/bg_remove.py
      hash: md5
      md5: 734b6df73b4adc1e70bf0e4049e60163
      size: 6208
    - path: src/features/landmarks.py
      hash: md5
      md5: 5866a5c3f22b4b04b9ea711d6676124f
      size: 5563
    - path: src/features/pixels.py
      hash: md5
      md5: c426719be7edc3b48072c5bf126beadd
      size: 5849
    - path: src/features/run_feature_check.py
      hash: md5
      md5: 74e9d5d9bfb3ffaec06d08851c5622f3
      size: 4318
    params:
      params.yaml:
        preprocessing.augmentations:
          random_rotation_degrees: 15
          horizontal_flip: true
          color_jitter_brightness: 0.3
        preprocessing.image_size: 224
        preprocessing.normalize_mean:
        - 0.485
        - 0.456
        - 0.406
        preprocessing.normalize_std:
        - 0.229
        - 0.224
        - 0.225
    outs:
    - path: data/feature_check_report.json
      hash: md5
      md5: 4409528efe5c68fa0ae7e0d0c7c7b553
      size: 5777
